{
  "name": "static_src",
  "lockfileVersion": 3,
  "requires": true,
  "packages": {
    "": {
      "dependencies": {
        "daisyui": "^5.5.19",
        "htmx.org": "^2.0.10"
      }
    },
    "node_modules/daisyui": {
      "version": "5.5.19",
      "resolved": "https://registry.npmjs.org/daisyui/-/daisyui-5.5.19.tgz",
      "integrity": "sha512-pbFAkl1VCEh/MPCeclKL61I/MqRIFFhNU7yiXoDDRapXN4/qNCoMxeCCswyxEEhqL5eiTTfwHvucFtOE71C9sA==",
      "license": "MIT",
      "funding": {
        "url": "https://github.com/saadeghi/daisyui?sponsor=1"
      }
    },
    "node_modules/htmx.org": {
      "version": "2.0.10",
      "resolved": "https://registry.npmjs.org/htmx.org/-/htmx.org-2.0.10.tgz",
      "integrity": "sha512-kdeJe7ZVwaS6QMz/ebBIVtZdpwen6L0OQ5GOhPV9MKBb196TCZeZu4yA7ZIQsaLKv7EpXz+So7KSXNuHXhj7Cw==",
      "license": "0BSD"
    }
  }
}
